
Microsoft Visual Studio Solution File, Format Version 12.00
# Visual Studio Version 16
VisualStudioVersion = 16.0.31005.135
MinimumVisualStudioVersion = 10.0.40219.1
Project("{FAE04EC0-301F-11D3-BF4B-00C04F79EFBC}") = "SayiTahminOyunu", "SayiTahminOyunu\SayiTahminOyunu.csproj", "{46EDF94A-301D-46C8-BFE6-2F105E38FDF5}"
EndProject
Global
	GlobalSection(SolutionConfigurationPlatforms) = preSolution
		Debug|Any CPU = Debug|Any CPU
		Release|Any CPU = Release|Any CPU
	EndGlobalSection
	GlobalSection(ProjectConfigurationPlatforms) = postSolution
		{46EDF94A-301D-46C8-BFE6-2F105E38FDF5}.Debug|Any CPU.ActiveCfg = Debug|Any CPU
		{46EDF94A-301D-46C8-BFE6-2F105E38FDF5}.Debug|Any CPU.Build.0 = Debug|Any CPU
		{46EDF94A-301D-46C8-BFE6-2F105E38FDF5}.Release|Any CPU.ActiveCfg = Release|Any CPU
		{46EDF94A-301D-46C8-BFE6-2F105E38FDF5}.Release|Any CPU.Build.0 = Release|Any CPU
	EndGlobalSection
	GlobalSection(SolutionProperties) = preSolution
		HideSolutionNode = FALSE
	EndGlobalSection
	GlobalSection(ExtensibilityGlobals) = postSolution
		SolutionGuid = {4A3502FB-C488-4CD5-AC5C-946771EA4133}
	EndGlobalSection
EndGlobal
